
Microsoft Visual Studio Solution File, Format Version 12.00
# Visual Studio 15
VisualStudioVersion = 15.0.28307.168
MinimumVisualStudioVersion = 10.0.40219.1
Project("{FAE04EC0-301F-11D3-BF4B-00C04F79EFBC}") = "CakeDemo", "CakeDemo\CakeDemo.csproj", "{BE793DD6-42F1-4BB4-AAB3-3214ECACA67C}"
EndProject
Project("{FAE04EC0-301F-11D3-BF4B-00C04F79EFBC}") = "UnitTests", "UnitTests\UnitTests.csproj", "{12CCAB3E-E316-42E8-9D5C-7467062BC4CD}"
EndProject
Global
	GlobalSection(SolutionConfigurationPlatforms) = preSolution
		Debug|Any CPU = Debug|Any CPU
		Release|Any CPU = Release|Any CPU
	EndGlobalSection
	GlobalSection(ProjectConfigurationPlatforms) = postSolution
		{BE793DD6-42F1-4BB4-AAB3-3214ECACA67C}.Debug|Any CPU.ActiveCfg = Debug|Any CPU
		{BE793DD6-42F1-4BB4-AAB3-3214ECACA67C}.Debug|Any CPU.Build.0 = Debug|Any CPU
		{BE793DD6-42F1-4BB4-AAB3-3214ECACA67C}.Release|Any CPU.ActiveCfg = Release|Any CPU
		{BE793DD6-42F1-4BB4-AAB3-3214ECACA67C}.Release|Any CPU.Build.0 = Release|Any CPU
		{12CCAB3E-E316-42E8-9D5C-7467062BC4CD}.Debug|Any CPU.ActiveCfg = Debug|Any CPU
		{12CCAB3E-E316-42E8-9D5C-7467062BC4CD}.Debug|Any CPU.Build.0 = Debug|Any CPU
		{12CCAB3E-E316-42E8-9D5C-7467062BC4CD}.Release|Any CPU.ActiveCfg = Release|Any CPU
		{12CCAB3E-E316-42E8-9D5C-7467062BC4CD}.Release|Any CPU.Build.0 = Release|Any CPU
	EndGlobalSection
	GlobalSection(SolutionProperties) = preSolution
		HideSolutionNode = FALSE
	EndGlobalSection
	GlobalSection(ExtensibilityGlobals) = postSolution
		SolutionGuid = {F883A13A-DFBC-493B-91CE-004D229F1A6F}
	EndGlobalSection
EndGlobal
